
Microsoft Visual Studio Solution File, Format Version 12.00
# Visual Studio 2012
Project("{F184B08F-C81C-45F6-A57F-5ABD9991F28F}") = "RegistrationForm", "RegistrationForm\RegistrationForm.vbproj", "{BFEDB83A-04FA-4BDF-8213-4A57C2784247}"
EndProject
Global
	GlobalSection(SolutionConfigurationPlatforms) = preSolution
		Debug|Any CPU = Debug|Any CPU
		Release|Any CPU = Release|Any CPU
	EndGlobalSection
	GlobalSection(ProjectConfigurationPlatforms) = postSolution
		{BFEDB83A-04FA-4BDF-8213-4A57C2784247}.Debug|Any CPU.ActiveCfg = Debug|Any CPU
		{BFEDB83A-04FA-4BDF-8213-4A57C2784247}.Debug|Any CPU.Build.0 = Debug|Any CPU
		{BFEDB83A-04FA-4BDF-8213-4A57C2784247}.Release|Any CPU.ActiveCfg = Release|Any CPU
		{BFEDB83A-04FA-4BDF-8213-4A57C2784247}.Release|Any CPU.Build.0 = Release|Any CPU
	EndGlobalSection
	GlobalSection(SolutionProperties) = preSolution
		HideSolutionNode = FALSE
	EndGlobalSection
EndGlobal
